
Microsoft Visual Studio Solution File, Format Version 12.00
# Visual Studio 15
VisualStudioVersion = 15.0.28307.489
MinimumVisualStudioVersion = 10.0.40219.1
Project("{FAE04EC0-301F-11D3-BF4B-00C04F79EFBC}") = "Lab 8", "Lab 8\Lab 8.csproj", "{EE13D770-FE2F-402D-8974-04F59E5656B5}"
EndProject
Global
	GlobalSection(SolutionConfigurationPlatforms) = preSolution
		Debug|Any CPU = Debug|Any CPU
		Release|Any CPU = Release|Any CPU
	EndGlobalSection
	GlobalSection(ProjectConfigurationPlatforms) = postSolution
		{EE13D770-FE2F-402D-8974-04F59E5656B5}.Debug|Any CPU.ActiveCfg = Debug|Any CPU
		{EE13D770-FE2F-402D-8974-04F59E5656B5}.Debug|Any CPU.Build.0 = Debug|Any CPU
		{EE13D770-FE2F-402D-8974-04F59E5656B5}.Release|Any CPU.ActiveCfg = Release|Any CPU
		{EE13D770-FE2F-402D-8974-04F59E5656B5}.Release|Any CPU.Build.0 = Release|Any CPU
	EndGlobalSection
	GlobalSection(SolutionProperties) = preSolution
		HideSolutionNode = FALSE
	EndGlobalSection
	GlobalSection(ExtensibilityGlobals) = postSolution
		SolutionGuid = {6969C55E-F952-4148-8C1C-96CF9FDCFC93}
	EndGlobalSection
EndGlobal
